
Microsoft Visual Studio Solution File, Format Version 12.00
# Visual Studio Version 16
VisualStudioVersion = 16.0.31424.327
MinimumVisualStudioVersion = 10.0.40219.1
Project("{FAE04EC0-301F-11D3-BF4B-00C04F79EFBC}") = "TrabajoFinalParqueos", "TrabajoFinalParqueos.csproj", "{C45BC624-3EB0-43E7-A36B-E9C447822EBC}"
EndProject
Global
	GlobalSection(SolutionConfigurationPlatforms) = preSolution
		Debug|Any CPU = Debug|Any CPU
		Release|Any CPU = Release|Any CPU
	EndGlobalSection
	GlobalSection(ProjectConfigurationPlatforms) = postSolution
		{C45BC624-3EB0-43E7-A36B-E9C447822EBC}.Debug|Any CPU.ActiveCfg = Debug|Any CPU
		{C45BC624-3EB0-43E7-A36B-E9C447822EBC}.Debug|Any CPU.Build.0 = Debug|Any CPU
		{C45BC624-3EB0-43E7-A36B-E9C447822EBC}.Release|Any CPU.ActiveCfg = Release|Any CPU
		{C45BC624-3EB0-43E7-A36B-E9C447822EBC}.Release|Any CPU.Build.0 = Release|Any CPU
	EndGlobalSection
	GlobalSection(SolutionProperties) = preSolution
		HideSolutionNode = FALSE
	EndGlobalSection
	GlobalSection(ExtensibilityGlobals) = postSolution
		SolutionGuid = {1D2C6B09-353D-4CFD-BCD2-C9AB27B48ED1}
	EndGlobalSection
EndGlobal
